// !$*UTF8*$!
{
	archiveVersion = 1;
	classes = {
	};
	objectVersion = 56;
	objects = {

/* Begin PBXBuildFile section */
		84938921A47DA05B770A1DA4 /* Pods_TimeCalculator.framework in Frameworks */ = {isa = PBXBuildFile; fileRef = 7F828D23A189AEC863B609F3 /* Pods_TimeCalculator.framework */; };
		D346F175290BBF2500EE1CC6 /* OthersTableViewCell.swift in Sources */ = {isa = PBXBuildFile; fileRef = D346F174290BBF2500EE1CC6 /* OthersTableViewCell.swift */; };
		D346F178290C079800EE1CC6 /* UesrDefaultView.swift in Sources */ = {isa = PBXBuildFile; fileRef = D346F177290C079800EE1CC6 /* UesrDefaultView.swift */; };
		D346F17C290ECC1D00EE1CC6 /* GridTableViewCell.swift in Sources */ = {isa = PBXBuildFile; fileRef = D346F17B290ECC1D00EE1CC6 /* GridTableViewCell.swift */; };
		D346F17E290ECC7000EE1CC6 /* SoundTableViewCell.swift in Sources */ = {isa = PBXBuildFile; fileRef = D346F17D290ECC7000EE1CC6 /* SoundTableViewCell.swift */; };
		D3797467290AC36E00B686D3 /* SettingViewController.swift in Sources */ = {isa = PBXBuildFile; fileRef = D3797466290AC36E00B686D3 /* SettingViewController.swift */; };
		D379746A290AC94900B686D3 /* CalcuatorModel.swift in Sources */ = {isa = PBXBuildFile; fileRef = D3797469290AC94900B686D3 /* CalcuatorModel.swift */; };
		D3B210C1290B75AD0096A566 /* SettingView.swift in Sources */ = {isa = PBXBuildFile; fileRef = D3B210C0290B75AD0096A566 /* SettingView.swift */; };
		D3B210C5290B78D10096A566 /* SettingTableViewCell.swift in Sources */ = {isa = PBXBuildFile; fileRef = D3B210C4290B78D10096A566 /* SettingTableViewCell.swift */; };
		D3B210C9290B9D4A0096A566 /* PreferencesTableViewCell.swift in Sources */ = {isa = PBXBuildFile; fileRef = D3B210C8290B9D4A0096A566 /* PreferencesTableViewCell.swift */; };
		D3D5DEEE290A047500292983 /* AppDelegate.swift in Sources */ = {isa = PBXBuildFile; fileRef = D3D5DEED290A047500292983 /* AppDelegate.swift */; };
		D3D5DEF0290A047500292983 /* SceneDelegate.swift in Sources */ = {isa = PBXBuildFile; fileRef = D3D5DEEF290A047500292983 /* SceneDelegate.swift */; };
		D3D5DEF2290A047500292983 /* MianViewController.swift in Sources */ = {isa = PBXBuildFile; fileRef = D3D5DEF1290A047500292983 /* MianViewController.swift */; };
		D3D5DEF7290A047600292983 /* Assets.xcassets in Resources */ = {isa = PBXBuildFile; fileRef = D3D5DEF6290A047600292983 /* Assets.xcassets */; };
		D3D5DEFA290A047600292983 /* LaunchScreen.storyboard in Resources */ = {isa = PBXBuildFile; fileRef = D3D5DEF8290A047600292983 /* LaunchScreen.storyboard */; };
		D3D5DF06290A073300292983 /* CalculatorView.swift in Sources */ = {isa = PBXBuildFile; fileRef = D3D5DF05290A073300292983 /* CalculatorView.swift */; };
/* End PBXBuildFile section */

/* Begin PBXFileReference section */
		0408F87502E508DA218457A5 /* Pods-TimeCalculator.release.xcconfig */ = {isa = PBXFileReference; includeInIndex = 1; lastKnownFileType = text.xcconfig; name = "Pods-TimeCalculator.release.xcconfig"; path = "Target Support Files/Pods-TimeCalculator/Pods-TimeCalculator.release.xcconfig"; sourceTree = "<group>"; };
		3AE9997694C0E64F6A17CB80 /* Pods-TimeCalculator.debug.xcconfig */ = {isa = PBXFileReference; includeInIndex = 1; lastKnownFileType = text.xcconfig; name = "Pods-TimeCalculator.debug.xcconfig"; path = "Target Support Files/Pods-TimeCalculator/Pods-TimeCalculator.debug.xcconfig"; sourceTree = "<group>"; };
		7F828D23A189AEC863B609F3 /* Pods_TimeCalculator.framework */ = {isa = PBXFileReference; explicitFileType = wrapper.framework; includeInIndex = 0; path = Pods_TimeCalculator.framework; sourceTree = BUILT_PRODUCTS_DIR; };
		D346F174290BBF2500EE1CC6 /* OthersTableViewCell.swift */ = {isa = PBXFileReference; lastKnownFileType = sourcecode.swift; path = OthersTableViewCell.swift; sourceTree = "<group>"; };
		D346F177290C079800EE1CC6 /* UesrDefaultView.swift */ = {isa = PBXFileReference; lastKnownFileType = sourcecode.swift; path = UesrDefaultView.swift; sourceTree = "<group>"; };
		D346F17B290ECC1D00EE1CC6 /* GridTableViewCell.swift */ = {isa = PBXFileReference; lastKnownFileType = sourcecode.swift; path = GridTableViewCell.swift; sourceTree = "<group>"; };
		D346F17D290ECC7000EE1CC6 /* SoundTableViewCell.swift */ = {isa = PBXFileReference; lastKnownFileType = sourcecode.swift; path = SoundTableViewCell.swift; sourceTree = "<group>"; };
		D3797466290AC36E00B686D3 /* SettingViewController.swift */ = {isa = PBXFileReference; lastKnownFileType = sourcecode.swift; path = SettingViewController.swift; sourceTree = "<group>"; };
		D3797469290AC94900B686D3 /* CalcuatorModel.swift */ = {isa = PBXFileReference; lastKnownFileType = sourcecode.swift; path = CalcuatorModel.swift; sourceTree = "<group>"; };
		D3B210C0290B75AD0096A566 /* SettingView.swift */ = {isa = PBXFileReference; lastKnownFileType = sourcecode.swift; path = SettingView.swift; sourceTree = "<group>"; };
		D3B210C4290B78D10096A566 /* SettingTableViewCell.swift */ = {isa = PBXFileReference; lastKnownFileType = sourcecode.swift; path = SettingTableViewCell.swift; sourceTree = "<group>"; };
		D3B210C8290B9D4A0096A566 /* PreferencesTableViewCell.swift */ = {isa = PBXFileReference; lastKnownFileType = sourcecode.swift; path = PreferencesTableViewCell.swift; sourceTree = "<group>"; };
		D3D5DEEA290A047500292983 /* TimeCalculator.app */ = {isa = PBXFileReference; explicitFileType = wrapper.application; includeInIndex = 0; path = TimeCalculator.app; sourceTree = BUILT_PRODUCTS_DIR; };
		D3D5DEED290A047500292983 /* AppDelegate.swift */ = {isa = PBXFileReference; lastKnownFileType = sourcecode.swift; path = AppDelegate.swift; sourceTree = "<group>"; };
		D3D5DEEF290A047500292983 /* SceneDelegate.swift */ = {isa = PBXFileReference; lastKnownFileType = sourcecode.swift; path = SceneDelegate.swift; sourceTree = "<group>"; };
		D3D5DEF1290A047500292983 /* MianViewController.swift */ = {isa = PBXFileReference; lastKnownFileType = sourcecode.swift; path = MianViewController.swift; sourceTree = "<group>"; };
		D3D5DEF6290A047600292983 /* Assets.xcassets */ = {isa = PBXFileReference; lastKnownFileType = folder.assetcatalog; path = Assets.xcassets; sourceTree = "<group>"; };
		D3D5DEF9290A047600292983 /* Base */ = {isa = PBXFileReference; lastKnownFileType = file.storyboard; name = Base; path = Base.lproj/LaunchScreen.storyboard; sourceTree = "<group>"; };
		D3D5DEFB290A047600292983 /* Info.plist */ = {isa = PBXFileReference; lastKnownFileType = text.plist.xml; path = Info.plist; sourceTree = "<group>"; };
		D3D5DF05290A073300292983 /* CalculatorView.swift */ = {isa = PBXFileReference; lastKnownFileType = sourcecode.swift; path = CalculatorView.swift; sourceTree = "<group>"; };
/* End PBXFileReference section */

/* Begin PBXFrameworksBuildPhase section */
		D3D5DEE7290A047500292983 /* Frameworks */ = {
			isa = PBXFrameworksBuildPhase;
			buildActionMask = 2147483647;
			files = (
				84938921A47DA05B770A1DA4 /* Pods_TimeCalculator.framework in Frameworks */,
			);
			runOnlyForDeploymentPostprocessing = 0;
		};
/* End PBXFrameworksBuildPhase section */

/* Begin PBXGroup section */
		10BF7E7F0399E95C895B7A57 /* Frameworks */ = {
			isa = PBXGroup;
			children = (
				7F828D23A189AEC863B609F3 /* Pods_TimeCalculator.framework */,
			);
			name = Frameworks;
			sourceTree = "<group>";
		};
		D346F176290C061B00EE1CC6 /* SettingViewCells */ = {
			isa = PBXGroup;
			children = (
				D3B210C4290B78D10096A566 /* SettingTableViewCell.swift */,
				D3B210C8290B9D4A0096A566 /* PreferencesTableViewCell.swift */,
				D346F174290BBF2500EE1CC6 /* OthersTableViewCell.swift */,
				D346F17B290ECC1D00EE1CC6 /* GridTableViewCell.swift */,
				D346F17D290ECC7000EE1CC6 /* SoundTableViewCell.swift */,
			);
			name = SettingViewCells;
			sourceTree = "<group>";
		};
		D35C3D5D290F683300477D03 /* VIew */ = {
			isa = PBXGroup;
			children = (
				D3D5DF05290A073300292983 /* CalculatorView.swift */,
				D3B210C0290B75AD0096A566 /* SettingView.swift */,
				D346F177290C079800EE1CC6 /* UesrDefaultView.swift */,
			);
			name = VIew;
			sourceTree = "<group>";
		};
		D35C3D5F290F68F800477D03 /* Model */ = {
			isa = PBXGroup;
			children = (
				D3797469290AC94900B686D3 /* CalcuatorModel.swift */,
			);
			name = Model;
			sourceTree = "<group>";
		};
		D3D5DEE1290A047400292983 = {
			isa = PBXGroup;
			children = (
				D3D5DEEC290A047500292983 /* TimeCalculator */,
				D3D5DEEB290A047500292983 /* Products */,
				E1136F0B27B872095A4D9890 /* Pods */,
				10BF7E7F0399E95C895B7A57 /* Frameworks */,
			);
			sourceTree = "<group>";
		};
		D3D5DEEB290A047500292983 /* Products */ = {
			isa = PBXGroup;
			children = (
				D3D5DEEA290A047500292983 /* TimeCalculator.app */,
			);
			name = Products;
			sourceTree = "<group>";
		};
		D3D5DEEC290A047500292983 /* TimeCalculator */ = {
			isa = PBXGroup;
			children = (
				D3D5DF08290A075D00292983 /* ViewController */,
				D35C3D5D290F683300477D03 /* VIew */,
				D346F176290C061B00EE1CC6 /* SettingViewCells */,
				D35C3D5F290F68F800477D03 /* Model */,
				D3D5DF04290A06D100292983 /* Etc */,
			);
			path = TimeCalculator;
			sourceTree = "<group>";
		};
		D3D5DF04290A06D100292983 /* Etc */ = {
			isa = PBXGroup;
			children = (
				D3D5DEEF290A047500292983 /* SceneDelegate.swift */,
				D3D5DEED290A047500292983 /* AppDelegate.swift */,
				D3D5DEF6290A047600292983 /* Assets.xcassets */,
				D3D5DEF8290A047600292983 /* LaunchScreen.storyboard */,
				D3D5DEFB290A047600292983 /* Info.plist */,
			);
			name = Etc;
			sourceTree = "<group>";
		};
		D3D5DF08290A075D00292983 /* ViewController */ = {
			isa = PBXGroup;
			children = (
				D3D5DEF1290A047500292983 /* MianViewController.swift */,
				D3797466290AC36E00B686D3 /* SettingViewController.swift */,
			);
			name = ViewController;
			sourceTree = "<group>";
		};
		E1136F0B27B872095A4D9890 /* Pods */ = {
			isa = PBXGroup;
			children = (
				3AE9997694C0E64F6A17CB80 /* Pods-TimeCalculator.debug.xcconfig */,
				0408F87502E508DA218457A5 /* Pods-TimeCalculator.release.xcconfig */,
			);
			path = Pods;
			sourceTree = "<group>";
		};
/* End PBXGroup section */

/* Begin PBXNativeTarget section */
		D3D5DEE9290A047500292983 /* TimeCalculator */ = {
			isa = PBXNativeTarget;
			buildConfigurationList = D3D5DEFE290A047600292983 /* Build configuration list for PBXNativeTarget "TimeCalculator" */;
			buildPhases = (
				DAFC7DEB3A9626D198E26E77 /* [CP] Check Pods Manifest.lock */,
				D3D5DEE6290A047500292983 /* Sources */,
				D3D5DEE7290A047500292983 /* Frameworks */,
				D3D5DEE8290A047500292983 /* Resources */,
				CC8214317A28B6D0EA317117 /* [CP] Embed Pods Frameworks */,
			);
			buildRules = (
			);
			dependencies = (
			);
			name = TimeCalculator;
			productName = TimeCalculator;
			productReference = D3D5DEEA290A047500292983 /* TimeCalculator.app */;
			productType = "com.apple.product-type.application";
		};
/* End PBXNativeTarget section */

/* Begin PBXProject section */
		D3D5DEE2290A047400292983 /* Project object */ = {
			isa = PBXProject;
			attributes = {
				BuildIndependentTargetsInParallel = 1;
				LastSwiftUpdateCheck = 1400;
				LastUpgradeCheck = 1400;
				TargetAttributes = {
					D3D5DEE9290A047500292983 = {
						CreatedOnToolsVersion = 14.0;
					};
				};
			};
			buildConfigurationList = D3D5DEE5290A047400292983 /* Build configuration list for PBXProject "TimeCalculator" */;
			compatibilityVersion = "Xcode 14.0";
			developmentRegion = en;
			hasScannedForEncodings = 0;
			knownRegions = (
				en,
				Base,
			);
			mainGroup = D3D5DEE1290A047400292983;
			packageReferences = (
				D3D5DF01290A066700292983 /* XCRemoteSwiftPackageReference "SnapKit" */,
			);
			productRefGroup = D3D5DEEB290A047500292983 /* Products */;
			projectDirPath = "";
			projectRoot = "";
			targets = (
				D3D5DEE9290A047500292983 /* TimeCalculator */,
			);
		};
/* End PBXProject section */

/* Begin PBXResourcesBuildPhase section */
		D3D5DEE8290A047500292983 /* Resources */ = {
			isa = PBXResourcesBuildPhase;
			buildActionMask = 2147483647;
			files = (
				D3D5DEFA290A047600292983 /* LaunchScreen.storyboard in Resources */,
				D3D5DEF7290A047600292983 /* Assets.xcassets in Resources */,
			);
			runOnlyForDeploymentPostprocessing = 0;
		};
/* End PBXResourcesBuildPhase section */

/* Begin PBXShellScriptBuildPhase section */
		CC8214317A28B6D0EA317117 /* [CP] Embed Pods Frameworks */ = {
			isa = PBXShellScriptBuildPhase;
			buildActionMask = 2147483647;
			files = (
			);
			inputFileListPaths = (
				"${PODS_ROOT}/Target Support Files/Pods-TimeCalculator/Pods-TimeCalculator-frameworks-${CONFIGURATION}-input-files.xcfilelist",
			);
			name = "[CP] Embed Pods Frameworks";
			outputFileListPaths = (
				"${PODS_ROOT}/Target Support Files/Pods-TimeCalculator/Pods-TimeCalculator-frameworks-${CONFIGURATION}-output-files.xcfilelist",
			);
			runOnlyForDeploymentPostprocessing = 0;
			shellPath = /bin/sh;
			shellScript = "\"${PODS_ROOT}/Target Support Files/Pods-TimeCalculator/Pods-TimeCalculator-frameworks.sh\"\n";
			showEnvVarsInLog = 0;
		};
		DAFC7DEB3A9626D198E26E77 /* [CP] Check Pods Manifest.lock */ = {
			isa = PBXShellScriptBuildPhase;
			buildActionMask = 2147483647;
			files = (
			);
			inputFileListPaths = (
			);
			inputPaths = (
				"${PODS_PODFILE_DIR_PATH}/Podfile.lock",
				"${PODS_ROOT}/Manifest.lock",
			);
			name = "[CP] Check Pods Manifest.lock";
			outputFileListPaths = (
			);
			outputPaths = (
				"$(DERIVED_FILE_DIR)/Pods-TimeCalculator-checkManifestLockResult.txt",
			);
			runOnlyForDeploymentPostprocessing = 0;
			shellPath = /bin/sh;
			shellScript = "diff \"${PODS_PODFILE_DIR_PATH}/Podfile.lock\" \"${PODS_ROOT}/Manifest.lock\" > /dev/null\nif [ $? != 0 ] ; then\n    # print error to STDERR\n    echo \"error: The sandbox is not in sync with the Podfile.lock. Run 'pod install' or update your CocoaPods installation.\" >&2\n    exit 1\nfi\n# This output is used by Xcode 'outputs' to avoid re-running this script phase.\necho \"SUCCESS\" > \"${SCRIPT_OUTPUT_FILE_0}\"\n";
			showEnvVarsInLog = 0;
		};
/* End PBXShellScriptBuildPhase section */

/* Begin PBXSourcesBuildPhase section */
		D3D5DEE6290A047500292983 /* Sources */ = {
			isa = PBXSourcesBuildPhase;
			buildActionMask = 2147483647;
			files = (
				D346F17C290ECC1D00EE1CC6 /* GridTableViewCell.swift in Sources */,
				D346F17E290ECC7000EE1CC6 /* SoundTableViewCell.swift in Sources */,
				D3797467290AC36E00B686D3 /* SettingViewController.swift in Sources */,
				D3D5DF06290A073300292983 /* CalculatorView.swift in Sources */,
				D3B210C5290B78D10096A566 /* SettingTableViewCell.swift in Sources */,
				D346F178290C079800EE1CC6 /* UesrDefaultView.swift in Sources */,
				D3B210C9290B9D4A0096A566 /* PreferencesTableViewCell.swift in Sources */,
				D3D5DEF2290A047500292983 /* MianViewController.swift in Sources */,
				D3B210C1290B75AD0096A566 /* SettingView.swift in Sources */,
				D346F175290BBF2500EE1CC6 /* OthersTableViewCell.swift in Sources */,
				D3D5DEEE290A047500292983 /* AppDelegate.swift in Sources */,
				D379746A290AC94900B686D3 /* CalcuatorModel.swift in Sources */,
				D3D5DEF0290A047500292983 /* SceneDelegate.swift in Sources */,
			);
			runOnlyForDeploymentPostprocessing = 0;
		};
/* End PBXSourcesBuildPhase section */

/* Begin PBXVariantGroup section */
		D3D5DEF8290A047600292983 /* LaunchScreen.storyboard */ = {
			isa = PBXVariantGroup;
			children = (
				D3D5DEF9290A047600292983 /* Base */,
			);
			name = LaunchScreen.storyboard;
			sourceTree = "<group>";
		};
/* End PBXVariantGroup section */

/* Begin XCBuildConfiguration section */
		D3D5DEFC290A047600292983 /* Debug */ = {
			isa = XCBuildConfiguration;
			buildSettings = {
				ALWAYS_SEARCH_USER_PATHS = NO;
				CLANG_ANALYZER_NONNULL = YES;
				CLANG_ANALYZER_NUMBER_OBJECT_CONVERSION = YES_AGGRESSIVE;
				CLANG_CXX_LANGUAGE_STANDARD = "gnu++20";
				CLANG_ENABLE_MODULES = YES;
				CLANG_ENABLE_OBJC_ARC = YES;
				CLANG_ENABLE_OBJC_WEAK = YES;
				CLANG_WARN_BLOCK_CAPTURE_AUTORELEASING = YES;
				CLANG_WARN_BOOL_CONVERSION = YES;
				CLANG_WARN_COMMA = YES;
				CLANG_WARN_CONSTANT_CONVERSION = YES;
				CLANG_WARN_DEPRECATED_OBJC_IMPLEMENTATIONS = YES;
				CLANG_WARN_DIRECT_OBJC_ISA_USAGE = YES_ERROR;
				CLANG_WARN_DOCUMENTATION_COMMENTS = YES;
				CLANG_WARN_EMPTY_BODY = YES;
				CLANG_WARN_ENUM_CONVERSION = YES;
				CLANG_WARN_INFINITE_RECURSION = YES;
				CLANG_WARN_INT_CONVERSION = YES;
				CLANG_WARN_NON_LITERAL_NULL_CONVERSION = YES;
				CLANG_WARN_OBJC_IMPLICIT_RETAIN_SELF = YES;
				CLANG_WARN_OBJC_LITERAL_CONVERSION = YES;
				CLANG_WARN_OBJC_ROOT_CLASS = YES_ERROR;
				CLANG_WARN_QUOTED_INCLUDE_IN_FRAMEWORK_HEADER = YES;
				CLANG_WARN_RANGE_LOOP_ANALYSIS = YES;
				CLANG_WARN_STRICT_PROTOTYPES = YES;
				CLANG_WARN_SUSPICIOUS_MOVE = YES;
				CLANG_WARN_UNGUARDED_AVAILABILITY = YES_AGGRESSIVE;
				CLANG_WARN_UNREACHABLE_CODE = YES;
				CLANG_WARN__DUPLICATE_METHOD_MATCH = YES;
				COPY_PHASE_STRIP = NO;
				DEBUG_INFORMATION_FORMAT = dwarf;
				ENABLE_STRICT_OBJC_MSGSEND = YES;
				ENABLE_TESTABILITY = YES;
				GCC_C_LANGUAGE_STANDARD = gnu11;
				GCC_DYNAMIC_NO_PIC = NO;
				GCC_NO_COMMON_BLOCKS = YES;
				GCC_OPTIMIZATION_LEVEL = 0;
				GCC_PREPROCESSOR_DEFINITIONS = (
					"DEBUG=1",
					"$(inherited)",
				);
				GCC_WARN_64_TO_32_BIT_CONVERSION = YES;
				GCC_WARN_ABOUT_RETURN_TYPE = YES_ERROR;
				GCC_WARN_UNDECLARED_SELECTOR = YES;
				GCC_WARN_UNINITIALIZED_AUTOS = YES_AGGRESSIVE;
				GCC_WARN_UNUSED_FUNCTION = YES;
				GCC_WARN_UNUSED_VARIABLE = YES;
				IPHONEOS_DEPLOYMENT_TARGET = 16.0;
				MTL_ENABLE_DEBUG_INFO = INCLUDE_SOURCE;
				MTL_FAST_MATH = YES;
				ONLY_ACTIVE_ARCH = YES;
				SDKROOT = iphoneos;
				SWIFT_ACTIVE_COMPILATION_CONDITIONS = DEBUG;
				SWIFT_OPTIMIZATION_LEVEL = "-Onone";
			};
			name = Debug;
		};
		D3D5DEFD290A047600292983 /* Release */ = {
			isa = XCBuildConfiguration;
			buildSettings = {
				ALWAYS_SEARCH_USER_PATHS = NO;
				CLANG_ANALYZER_NONNULL = YES;
				CLANG_ANALYZER_NUMBER_OBJECT_CONVERSION = YES_AGGRESSIVE;
				CLANG_CXX_LANGUAGE_STANDARD = "gnu++20";
				CLANG_ENABLE_MODULES = YES;
				CLANG_ENABLE_OBJC_ARC = YES;
				CLANG_ENABLE_OBJC_WEAK = YES;
				CLANG_WARN_BLOCK_CAPTURE_AUTORELEASING = YES;
				CLANG_WARN_BOOL_CONVERSION = YES;
				CLANG_WARN_COMMA = YES;
				CLANG_WARN_CONSTANT_CONVERSION = YES;
				CLANG_WARN_DEPRECATED_OBJC_IMPLEMENTATIONS = YES;
				CLANG_WARN_DIRECT_OBJC_ISA_USAGE = YES_ERROR;
				CLANG_WARN_DOCUMENTATION_COMMENTS = YES;
				CLANG_WARN_EMPTY_BODY = YES;
				CLANG_WARN_ENUM_CONVERSION = YES;
				CLANG_WARN_INFINITE_RECURSION = YES;
				CLANG_WARN_INT_CONVERSION = YES;
				CLANG_WARN_NON_LITERAL_NULL_CONVERSION = YES;
				CLANG_WARN_OBJC_IMPLICIT_RETAIN_SELF = YES;
				CLANG_WARN_OBJC_LITERAL_CONVERSION = YES;
				CLANG_WARN_OBJC_ROOT_CLASS = YES_ERROR;
				CLANG_WARN_QUOTED_INCLUDE_IN_FRAMEWORK_HEADER = YES;
				CLANG_WARN_RANGE_LOOP_ANALYSIS = YES;
				CLANG_WARN_STRICT_PROTOTYPES = YES;
				CLANG_WARN_SUSPICIOUS_MOVE = YES;
				CLANG_WARN_UNGUARDED_AVAILABILITY = YES_AGGRESSIVE;
				CLANG_WARN_UNREACHABLE_CODE = YES;
				CLANG_WARN__DUPLICATE_METHOD_MATCH = YES;
				COPY_PHASE_STRIP = NO;
				DEBUG_INFORMATION_FORMAT = "dwarf-with-dsym";
				ENABLE_NS_ASSERTIONS = NO;
				ENABLE_STRICT_OBJC_MSGSEND = YES;
				GCC_C_LANGUAGE_STANDARD = gnu11;
				GCC_NO_COMMON_BLOCKS = YES;
				GCC_WARN_64_TO_32_BIT_CONVERSION = YES;
				GCC_WARN_ABOUT_RETURN_TYPE = YES_ERROR;
				GCC_WARN_UNDECLARED_SELECTOR = YES;
				GCC_WARN_UNINITIALIZED_AUTOS = YES_AGGRESSIVE;
				GCC_WARN_UNUSED_FUNCTION = YES;
				GCC_WARN_UNUSED_VARIABLE = YES;
				IPHONEOS_DEPLOYMENT_TARGET = 16.0;
				MTL_ENABLE_DEBUG_INFO = NO;
				MTL_FAST_MATH = YES;
				SDKROOT = iphoneos;
				SWIFT_COMPILATION_MODE = wholemodule;
				SWIFT_OPTIMIZATION_LEVEL = "-O";
				VALIDATE_PRODUCT = YES;
			};
			name = Release;
		};
		D3D5DEFF290A047600292983 /* Debug */ = {
			isa = XCBuildConfiguration;
			baseConfigurationReference = 3AE9997694C0E64F6A17CB80 /* Pods-TimeCalculator.debug.xcconfig */;
			buildSettings = {
				ASSETCATALOG_COMPILER_APPICON_NAME = AppIcon;
				ASSETCATALOG_COMPILER_GLOBAL_ACCENT_COLOR_NAME = AccentColor;
				CODE_SIGN_STYLE = Automatic;
				CURRENT_PROJECT_VERSION = 1;
				DEVELOPMENT_TEAM = KFG37AXT2Q;
				GENERATE_INFOPLIST_FILE = YES;
				INFOPLIST_FILE = TimeCalculator/Info.plist;
				INFOPLIST_KEY_UIApplicationSupportsIndirectInputEvents = YES;
				INFOPLIST_KEY_UILaunchStoryboardName = LaunchScreen;
				INFOPLIST_KEY_UISupportedInterfaceOrientations_iPad = "UIInterfaceOrientationPortrait UIInterfaceOrientationPortraitUpsideDown UIInterfaceOrientationLandscapeLeft UIInterfaceOrientationLandscapeRight";
				INFOPLIST_KEY_UISupportedInterfaceOrientations_iPhone = "UIInterfaceOrientationPortrait UIInterfaceOrientationLandscapeLeft UIInterfaceOrientationLandscapeRight";
				LD_RUNPATH_SEARCH_PATHS = (
					"$(inherited)",
					"@executable_path/Frameworks",
				);
				MARKETING_VERSION = 1.0;
				PRODUCT_BUNDLE_IDENTIFIER = kr.co.hyunsu.TimeCalculator;
				PRODUCT_NAME = "$(TARGET_NAME)";
				SWIFT_EMIT_LOC_STRINGS = YES;
				SWIFT_VERSION = 5.0;
				TARGETED_DEVICE_FAMILY = "1,2";
			};
			name = Debug;
		};
		D3D5DF00290A047600292983 /* Release */ = {
			isa = XCBuildConfiguration;
			baseConfigurationReference = 0408F87502E508DA218457A5 /* Pods-TimeCalculator.release.xcconfig */;
			buildSettings = {
				ASSETCATALOG_COMPILER_APPICON_NAME = AppIcon;
				ASSETCATALOG_COMPILER_GLOBAL_ACCENT_COLOR_NAME = AccentColor;
				CODE_SIGN_STYLE = Automatic;
				CURRENT_PROJECT_VERSION = 1;
				DEVELOPMENT_TEAM = KFG37AXT2Q;
				GENERATE_INFOPLIST_FILE = YES;
				INFOPLIST_FILE = TimeCalculator/Info.plist;
				INFOPLIST_KEY_UIApplicationSupportsIndirectInputEvents = YES;
				INFOPLIST_KEY_UILaunchStoryboardName = LaunchScreen;
				INFOPLIST_KEY_UISupportedInterfaceOrientations_iPad = "UIInterfaceOrientationPortrait UIInterfaceOrientationPortraitUpsideDown UIInterfaceOrientationLandscapeLeft UIInterfaceOrientationLandscapeRight";
				INFOPLIST_KEY_UISupportedInterfaceOrientations_iPhone = "UIInterfaceOrientationPortrait UIInterfaceOrientationLandscapeLeft UIInterfaceOrientationLandscapeRight";
				LD_RUNPATH_SEARCH_PATHS = (
					"$(inherited)",
					"@executable_path/Frameworks",
				);
				MARKETING_VERSION = 1.0;
				PRODUCT_BUNDLE_IDENTIFIER = kr.co.hyunsu.TimeCalculator;
				PRODUCT_NAME = "$(TARGET_NAME)";
				SWIFT_EMIT_LOC_STRINGS = YES;
				SWIFT_VERSION = 5.0;
				TARGETED_DEVICE_FAMILY = "1,2";
			};
			name = Release;
		};
/* End XCBuildConfiguration section */

/* Begin XCConfigurationList section */
		D3D5DEE5290A047400292983 /* Build configuration list for PBXProject "TimeCalculator" */ = {
			isa = XCConfigurationList;
			buildConfigurations = (
				D3D5DEFC290A047600292983 /* Debug */,
				D3D5DEFD290A047600292983 /* Release */,
			);
			defaultConfigurationIsVisible = 0;
			defaultConfigurationName = Release;
		};
		D3D5DEFE290A047600292983 /* Build configuration list for PBXNativeTarget "TimeCalculator" */ = {
			isa = XCConfigurationList;
			buildConfigurations = (
				D3D5DEFF290A047600292983 /* Debug */,
				D3D5DF00290A047600292983 /* Release */,
			);
			defaultConfigurationIsVisible = 0;
			defaultConfigurationName = Release;
		};
/* End XCConfigurationList section */

/* Begin XCRemoteSwiftPackageReference section */
		D3D5DF01290A066700292983 /* XCRemoteSwiftPackageReference "SnapKit" */ = {
			isa = XCRemoteSwiftPackageReference;
			repositoryURL = "https://github.com/SnapKit/SnapKit.git";
			requirement = {
				branch = develop;
				kind = branch;
			};
		};
/* End XCRemoteSwiftPackageReference section */
	};
	rootObject = D3D5DEE2290A047400292983 /* Project object */;
}
